dependencies:
  espressif/esp32-camera:
    component_hash: e00e75c24164b5d097bf98f325938558697916a0cb6b68872b9927587b46882a
    dependencies: []
    source:
      registry_url: https://components.espressif.com/
      type: service
    version: 2.0.8
  idf:
    source:
      type: idf
    version: 5.3.1
direct_dependencies:
- espressif/esp32-camera
- idf
manifest_hash: 161e5163d82d3d5d92c69a08eec95a657339039d90e29c0b39eb3291ef259343
target: esp32
version: 2.0.0
